
Microsoft Visual Studio Solution File, Format Version 12.00
# Visual Studio Version 16
VisualStudioVersion = 16.0.30804.86
MinimumVisualStudioVersion = 10.0.40219.1
Project("{FAE04EC0-301F-11D3-BF4B-00C04F79EFBC}") = "API", "API\API.csproj", "{DC983993-968D-4DC2-9C4D-B56DFE141EB4}"
EndProject
Global
	GlobalSection(SolutionConfigurationPlatforms) = preSolution
		Debug|Any CPU = Debug|Any CPU
		Release|Any CPU = Release|Any CPU
	EndGlobalSection
	GlobalSection(ProjectConfigurationPlatforms) = postSolution
		{DC983993-968D-4DC2-9C4D-B56DFE141EB4}.Debug|Any CPU.ActiveCfg = Debug|Any CPU
		{DC983993-968D-4DC2-9C4D-B56DFE141EB4}.Debug|Any CPU.Build.0 = Debug|Any CPU
		{DC983993-968D-4DC2-9C4D-B56DFE141EB4}.Release|Any CPU.ActiveCfg = Release|Any CPU
		{DC983993-968D-4DC2-9C4D-B56DFE141EB4}.Release|Any CPU.Build.0 = Release|Any CPU
	EndGlobalSection
	GlobalSection(SolutionProperties) = preSolution
		HideSolutionNode = FALSE
	EndGlobalSection
	GlobalSection(ExtensibilityGlobals) = postSolution
		SolutionGuid = {062FF9F6-0005-4A9D-9A57-6DD44A183CAA}
	EndGlobalSection
EndGlobal
